
Microsoft Visual Studio Solution File, Format Version 12.00
# Visual Studio Version 16
VisualStudioVersion = 16.0.30907.101
MinimumVisualStudioVersion = 10.0.40219.1
Project("{FAE04EC0-301F-11D3-BF4B-00C04F79EFBC}") = "TestUngDung", "TestUngDung\TestUngDung.csproj", "{7D82BEC7-853C-4F2D-924C-7D7502EE13D9}"
EndProject
Project("{FAE04EC0-301F-11D3-BF4B-00C04F79EFBC}") = "ModelEF", "ModelEF\ModelEF.csproj", "{0DFC9D70-08C2-4803-8FB0-B423A5E3D8AD}"
EndProject
Global
	GlobalSection(SolutionConfigurationPlatforms) = preSolution
		Debug|Any CPU = Debug|Any CPU
		Release|Any CPU = Release|Any CPU
	EndGlobalSection
	GlobalSection(ProjectConfigurationPlatforms) = postSolution
		{7D82BEC7-853C-4F2D-924C-7D7502EE13D9}.Debug|Any CPU.ActiveCfg = Debug|Any CPU
		{7D82BEC7-853C-4F2D-924C-7D7502EE13D9}.Debug|Any CPU.Build.0 = Debug|Any CPU
		{7D82BEC7-853C-4F2D-924C-7D7502EE13D9}.Release|Any CPU.ActiveCfg = Release|Any CPU
		{7D82BEC7-853C-4F2D-924C-7D7502EE13D9}.Release|Any CPU.Build.0 = Release|Any CPU
		{0DFC9D70-08C2-4803-8FB0-B423A5E3D8AD}.Debug|Any CPU.ActiveCfg = Debug|Any CPU
		{0DFC9D70-08C2-4803-8FB0-B423A5E3D8AD}.Debug|Any CPU.Build.0 = Debug|Any CPU
		{0DFC9D70-08C2-4803-8FB0-B423A5E3D8AD}.Release|Any CPU.ActiveCfg = Release|Any CPU
		{0DFC9D70-08C2-4803-8FB0-B423A5E3D8AD}.Release|Any CPU.Build.0 = Release|Any CPU
	EndGlobalSection
	GlobalSection(SolutionProperties) = preSolution
		HideSolutionNode = FALSE
	EndGlobalSection
	GlobalSection(ExtensibilityGlobals) = postSolution
		SolutionGuid = {83103B73-140B-41D8-81B9-11F5C82FFA8C}
	EndGlobalSection
EndGlobal
